
Microsoft Visual Studio Solution File, Format Version 12.00
# Visual Studio 15
VisualStudioVersion = 15.0.27004.2005
MinimumVisualStudioVersion = 10.0.40219.1
Project("{FAE04EC0-301F-11D3-BF4B-00C04F79EFBC}") = "Tärning", "Tärning\Tärning.csproj", "{A868D08B-2450-4F55-B90C-604869B18C28}"
EndProject
Global
	GlobalSection(SolutionConfigurationPlatforms) = preSolution
		Debug|Any CPU = Debug|Any CPU
		Release|Any CPU = Release|Any CPU
	EndGlobalSection
	GlobalSection(ProjectConfigurationPlatforms) = postSolution
		{A868D08B-2450-4F55-B90C-604869B18C28}.Debug|Any CPU.ActiveCfg = Debug|Any CPU
		{A868D08B-2450-4F55-B90C-604869B18C28}.Debug|Any CPU.Build.0 = Debug|Any CPU
		{A868D08B-2450-4F55-B90C-604869B18C28}.Release|Any CPU.ActiveCfg = Release|Any CPU
		{A868D08B-2450-4F55-B90C-604869B18C28}.Release|Any CPU.Build.0 = Release|Any CPU
	EndGlobalSection
	GlobalSection(SolutionProperties) = preSolution
		HideSolutionNode = FALSE
	EndGlobalSection
	GlobalSection(ExtensibilityGlobals) = postSolution
		SolutionGuid = {D49405ED-02BF-4471-849D-3821624B8B2C}
	EndGlobalSection
EndGlobal
